
Microsoft Visual Studio Solution File, Format Version 12.00
# Visual Studio Version 17
VisualStudioVersion = 17.11.35222.181
MinimumVisualStudioVersion = 10.0.40219.1
Project("{FAE04EC0-301F-11D3-BF4B-00C04F79EFBC}") = "KajakKenuWPF", "KajakKenuWPF.csproj", "{BDEFFA4E-275D-4AEB-A71E-8ACB739B159B}"
EndProject
Global
	GlobalSection(SolutionConfigurationPlatforms) = preSolution
		Debug|Any CPU = Debug|Any CPU
		Release|Any CPU = Release|Any CPU
	EndGlobalSection
	GlobalSection(ProjectConfigurationPlatforms) = postSolution
		{BDEFFA4E-275D-4AEB-A71E-8ACB739B159B}.Debug|Any CPU.ActiveCfg = Debug|Any CPU
		{BDEFFA4E-275D-4AEB-A71E-8ACB739B159B}.Debug|Any CPU.Build.0 = Debug|Any CPU
		{BDEFFA4E-275D-4AEB-A71E-8ACB739B159B}.Release|Any CPU.ActiveCfg = Release|Any CPU
		{BDEFFA4E-275D-4AEB-A71E-8ACB739B159B}.Release|Any CPU.Build.0 = Release|Any CPU
	EndGlobalSection
	GlobalSection(SolutionProperties) = preSolution
		HideSolutionNode = FALSE
	EndGlobalSection
	GlobalSection(ExtensibilityGlobals) = postSolution
		SolutionGuid = {42C1961F-B83E-4C68-9DDF-E008DD2E4250}
	EndGlobalSection
EndGlobal
